{
  "name": "audit",
  "version": "1.0.0",
  "lockfileVersion": 3,
  "requires": true,
  "packages": {
    "": {
      "name": "audit",
      "version": "1.0.0",
      "license": "ISC",
      "dependencies": {
        "dictionary-en": "^4.0.0",
        "dictionary-es": "^4.0.0",
        "dictionary-it": "^2.0.0"
      }
    },
    "node_modules/dictionary-en": {
      "version": "4.0.0",
      "resolved": "https://registry.npmjs.org/dictionary-en/-/dictionary-en-4.0.0.tgz",
      "integrity": "sha512-3NHnE1uq33ZE/CIwaZ6gqxa4BnglHnxeAcTM0GJ7cmtRGcvX9InMK/IqLtYcUMFCUpUNgybH+DzkqdgAo3F1zg==",
      "license": "(MIT AND BSD)",
      "funding": {
        "type": "github",
        "url": "https://github.com/sponsors/wooorm"
      }
    },
    "node_modules/dictionary-es": {
      "version": "4.0.0",
      "resolved": "https://registry.npmjs.org/dictionary-es/-/dictionary-es-4.0.0.tgz",
      "integrity": "sha512-8J3IYdaHYmkojxqhB+DneQpek6N/s3MwbVk3bPNGQSTBT5kxJtmbuiT0LSDP0Al6K9Vevo1sjspG8AGP9Yvxiw==",
      "license": "(GPL-3.0 OR LGPL-3.0 OR MPL-1.1)",
      "funding": {
        "type": "github",
        "url": "https://github.com/sponsors/wooorm"
      }
    },
    "node_modules/dictionary-it": {
      "version": "2.0.0",
      "resolved": "https://registry.npmjs.org/dictionary-it/-/dictionary-it-2.0.0.tgz",
      "integrity": "sha512-klTygBjKRYKEeDmqLfDpI9eDCj334TQhbq2zExKREV4CMPiUsnXnO/0CGMTiRTRL+Wk+qXd0fKfEZbgw+gnjHw==",
      "license": "GPL-3.0",
      "funding": {
        "type": "github",
        "url": "https://github.com/sponsors/wooorm"
      }
    }
  }
}
